
Microsoft Visual Studio Solution File, Format Version 12.00
# Visual Studio Version 17
VisualStudioVersion = 17.7.34031.279
MinimumVisualStudioVersion = 10.0.40219.1
Project("{FAE04EC0-301F-11D3-BF4B-00C04F79EFBC}") = "OOPSample1", "OOPSample1\OOPSample1.csproj", "{2D22D769-6E4B-4EF1-BD74-719CFD160A13}"
EndProject
Global
	GlobalSection(SolutionConfigurationPlatforms) = preSolution
		Debug|Any CPU = Debug|Any CPU
		Release|Any CPU = Release|Any CPU
	EndGlobalSection
	GlobalSection(ProjectConfigurationPlatforms) = postSolution
		{2D22D769-6E4B-4EF1-BD74-719CFD160A13}.Debug|Any CPU.ActiveCfg = Debug|Any CPU
		{2D22D769-6E4B-4EF1-BD74-719CFD160A13}.Debug|Any CPU.Build.0 = Debug|Any CPU
		{2D22D769-6E4B-4EF1-BD74-719CFD160A13}.Release|Any CPU.ActiveCfg = Release|Any CPU
		{2D22D769-6E4B-4EF1-BD74-719CFD160A13}.Release|Any CPU.Build.0 = Release|Any CPU
	EndGlobalSection
	GlobalSection(SolutionProperties) = preSolution
		HideSolutionNode = FALSE
	EndGlobalSection
	GlobalSection(ExtensibilityGlobals) = postSolution
		SolutionGuid = {39CD78C2-8B60-4763-9D88-4E2639D77D49}
	EndGlobalSection
EndGlobal
